
Microsoft Visual Studio Solution File, Format Version 12.00
# Visual Studio Version 16
VisualStudioVersion = 16.0.29911.84
MinimumVisualStudioVersion = 10.0.40219.1
Project("{FAE04EC0-301F-11D3-BF4B-00C04F79EFBC}") = "Photo_Album", "Photo_Album\Photo_Album.csproj", "{72A82B26-0346-40B5-AA5D-398D6F0A0665}"
EndProject
Project("{FAE04EC0-301F-11D3-BF4B-00C04F79EFBC}") = "Photo_Album_Tests", "Photo_Album_Tests\Photo_Album_Tests.csproj", "{B4FC8622-DE52-4D64-B633-E5F804C12E46}"
EndProject
Global
	GlobalSection(SolutionConfigurationPlatforms) = preSolution
		Debug|Any CPU = Debug|Any CPU
		Release|Any CPU = Release|Any CPU
	EndGlobalSection
	GlobalSection(ProjectConfigurationPlatforms) = postSolution
		{72A82B26-0346-40B5-AA5D-398D6F0A0665}.Debug|Any CPU.ActiveCfg = Debug|Any CPU
		{72A82B26-0346-40B5-AA5D-398D6F0A0665}.Debug|Any CPU.Build.0 = Debug|Any CPU
		{72A82B26-0346-40B5-AA5D-398D6F0A0665}.Release|Any CPU.ActiveCfg = Release|Any CPU
		{72A82B26-0346-40B5-AA5D-398D6F0A0665}.Release|Any CPU.Build.0 = Release|Any CPU
		{B4FC8622-DE52-4D64-B633-E5F804C12E46}.Debug|Any CPU.ActiveCfg = Debug|Any CPU
		{B4FC8622-DE52-4D64-B633-E5F804C12E46}.Debug|Any CPU.Build.0 = Debug|Any CPU
		{B4FC8622-DE52-4D64-B633-E5F804C12E46}.Release|Any CPU.ActiveCfg = Release|Any CPU
		{B4FC8622-DE52-4D64-B633-E5F804C12E46}.Release|Any CPU.Build.0 = Release|Any CPU
	EndGlobalSection
	GlobalSection(SolutionProperties) = preSolution
		HideSolutionNode = FALSE
	EndGlobalSection
	GlobalSection(ExtensibilityGlobals) = postSolution
		SolutionGuid = {A26755BD-853D-4F7E-8FEF-42E44E093CF5}
	EndGlobalSection
EndGlobal
